// !$*UTF8*$!
{
	archiveVersion = 1;
	classes = {
	};
	objectVersion = 55;
	objects = {

/* Begin PBXBuildFile section */
		6C259260278B348000AC61BA /* PinchAndZoomSwiftUI3App.swift in Sources */ = {isa = PBXBuildFile; fileRef = 6C25925F278B348000AC61BA /* PinchAndZoomSwiftUI3App.swift */; };
		6C259262278B348000AC61BA /* ContentView.swift in Sources */ = {isa = PBXBuildFile; fileRef = 6C259261278B348000AC61BA /* ContentView.swift */; };
		6C259264278B348100AC61BA /* Assets.xcassets in Resources */ = {isa = PBXBuildFile; fileRef = 6C259263278B348100AC61BA /* Assets.xcassets */; };
		6C259267278B348100AC61BA /* Preview Assets.xcassets in Resources */ = {isa = PBXBuildFile; fileRef = 6C259266278B348100AC61BA /* Preview Assets.xcassets */; };
		6C259271278B348100AC61BA /* PinchAndZoomSwiftUI3Tests.swift in Sources */ = {isa = PBXBuildFile; fileRef = 6C259270278B348100AC61BA /* PinchAndZoomSwiftUI3Tests.swift */; };
		6C25927B278B348100AC61BA /* PinchAndZoomSwiftUI3UITests.swift in Sources */ = {isa = PBXBuildFile; fileRef = 6C25927A278B348100AC61BA /* PinchAndZoomSwiftUI3UITests.swift */; };
		6C25927D278B348100AC61BA /* PinchAndZoomSwiftUI3UITestsLaunchTests.swift in Sources */ = {isa = PBXBuildFile; fileRef = 6C25927C278B348100AC61BA /* PinchAndZoomSwiftUI3UITestsLaunchTests.swift */; };
		6C25928A278B37CA00AC61BA /* InfoPanelView.swift in Sources */ = {isa = PBXBuildFile; fileRef = 6C259289278B37CA00AC61BA /* InfoPanelView.swift */; };
		6C25928C278B3B6D00AC61BA /* ControlImageView.swift in Sources */ = {isa = PBXBuildFile; fileRef = 6C25928B278B3B6D00AC61BA /* ControlImageView.swift */; };
		6C25928E278B3F3100AC61BA /* Page.swift in Sources */ = {isa = PBXBuildFile; fileRef = 6C25928D278B3F3100AC61BA /* Page.swift */; };
/* End PBXBuildFile section */

/* Begin PBXContainerItemProxy section */
		6C25926D278B348100AC61BA /* PBXContainerItemProxy */ = {
			isa = PBXContainerItemProxy;
			containerPortal = 6C259254278B348000AC61BA /* Project object */;
			proxyType = 1;
			remoteGlobalIDString = 6C25925B278B348000AC61BA;
			remoteInfo = PinchAndZoomSwiftUI3;
		};
		6C259277278B348100AC61BA /* PBXContainerItemProxy */ = {
			isa = PBXContainerItemProxy;
			containerPortal = 6C259254278B348000AC61BA /* Project object */;
			proxyType = 1;
			remoteGlobalIDString = 6C25925B278B348000AC61BA;
			remoteInfo = PinchAndZoomSwiftUI3;
		};
/* End PBXContainerItemProxy section */

/* Begin PBXFileReference section */
		6C25925C278B348000AC61BA /* PinchAndZoomSwiftUI3.app */ = {isa = PBXFileReference; explicitFileType = wrapper.application; includeInIndex = 0; path = PinchAndZoomSwiftUI3.app; sourceTree = BUILT_PRODUCTS_DIR; };
		6C25925F278B348000AC61BA /* PinchAndZoomSwiftUI3App.swift */ = {isa = PBXFileReference; lastKnownFileType = sourcecode.swift; path = PinchAndZoomSwiftUI3App.swift; sourceTree = "<group>"; };
		6C259261278B348000AC61BA /* ContentView.swift */ = {isa = PBXFileReference; lastKnownFileType = sourcecode.swift; path = ContentView.swift; sourceTree = "<group>"; };
		6C259263278B348100AC61BA /* Assets.xcassets */ = {isa = PBXFileReference; lastKnownFileType = folder.assetcatalog; path = Assets.xcassets; sourceTree = "<group>"; };
		6C259266278B348100AC61BA /* Preview Assets.xcassets */ = {isa = PBXFileReference; lastKnownFileType = folder.assetcatalog; path = "Preview Assets.xcassets"; sourceTree = "<group>"; };
		6C25926C278B348100AC61BA /* PinchAndZoomSwiftUI3Tests.xctest */ = {isa = PBXFileReference; explicitFileType = wrapper.cfbundle; includeInIndex = 0; path = PinchAndZoomSwiftUI3Tests.xctest; sourceTree = BUILT_PRODUCTS_DIR; };
		6C259270278B348100AC61BA /* PinchAndZoomSwiftUI3Tests.swift */ = {isa = PBXFileReference; lastKnownFileType = sourcecode.swift; path = PinchAndZoomSwiftUI3Tests.swift; sourceTree = "<group>"; };
		6C259276278B348100AC61BA /* PinchAndZoomSwiftUI3UITests.xctest */ = {isa = PBXFileReference; explicitFileType = wrapper.cfbundle; includeInIndex = 0; path = PinchAndZoomSwiftUI3UITests.xctest; sourceTree = BUILT_PRODUCTS_DIR; };
		6C25927A278B348100AC61BA /* PinchAndZoomSwiftUI3UITests.swift */ = {isa = PBXFileReference; lastKnownFileType = sourcecode.swift; path = PinchAndZoomSwiftUI3UITests.swift; sourceTree = "<group>"; };
		6C25927C278B348100AC61BA /* PinchAndZoomSwiftUI3UITestsLaunchTests.swift */ = {isa = PBXFileReference; lastKnownFileType = sourcecode.swift; path = PinchAndZoomSwiftUI3UITestsLaunchTests.swift; sourceTree = "<group>"; };
		6C259289278B37CA00AC61BA /* InfoPanelView.swift */ = {isa = PBXFileReference; lastKnownFileType = sourcecode.swift; path = InfoPanelView.swift; sourceTree = "<group>"; };
		6C25928B278B3B6D00AC61BA /* ControlImageView.swift */ = {isa = PBXFileReference; lastKnownFileType = sourcecode.swift; path = ControlImageView.swift; sourceTree = "<group>"; };
		6C25928D278B3F3100AC61BA /* Page.swift */ = {isa = PBXFileReference; lastKnownFileType = sourcecode.swift; path = Page.swift; sourceTree = "<group>"; };
/* End PBXFileReference section */

/* Begin PBXFrameworksBuildPhase section */
		6C259259278B348000AC61BA /* Frameworks */ = {
			isa = PBXFrameworksBuildPhase;
			buildActionMask = 2147483647;
			files = (
			);
			runOnlyForDeploymentPostprocessing = 0;
		};
		6C259269278B348100AC61BA /* Frameworks */ = {
			isa = PBXFrameworksBuildPhase;
			buildActionMask = 2147483647;
			files = (
			);
			runOnlyForDeploymentPostprocessing = 0;
		};
		6C259273278B348100AC61BA /* Frameworks */ = {
			isa = PBXFrameworksBuildPhase;
			buildActionMask = 2147483647;
			files = (
			);
			runOnlyForDeploymentPostprocessing = 0;
		};
/* End PBXFrameworksBuildPhase section */

/* Begin PBXGroup section */
		6C259253278B348000AC61BA = {
			isa = PBXGroup;
			children = (
				6C25925E278B348000AC61BA /* PinchAndZoomSwiftUI3 */,
				6C25926F278B348100AC61BA /* PinchAndZoomSwiftUI3Tests */,
				6C259279278B348100AC61BA /* PinchAndZoomSwiftUI3UITests */,
				6C25925D278B348000AC61BA /* Products */,
			);
			sourceTree = "<group>";
		};
		6C25925D278B348000AC61BA /* Products */ = {
			isa = PBXGroup;
			children = (
				6C25925C278B348000AC61BA /* PinchAndZoomSwiftUI3.app */,
				6C25926C278B348100AC61BA /* PinchAndZoomSwiftUI3Tests.xctest */,
				6C259276278B348100AC61BA /* PinchAndZoomSwiftUI3UITests.xctest */,
			);
			name = Products;
			sourceTree = "<group>";
		};
		6C25925E278B348000AC61BA /* PinchAndZoomSwiftUI3 */ = {
			isa = PBXGroup;
			children = (
				6C25925F278B348000AC61BA /* PinchAndZoomSwiftUI3App.swift */,
				6C259261278B348000AC61BA /* ContentView.swift */,
				6C259289278B37CA00AC61BA /* InfoPanelView.swift */,
				6C25928B278B3B6D00AC61BA /* ControlImageView.swift */,
				6C25928D278B3F3100AC61BA /* Page.swift */,
				6C259263278B348100AC61BA /* Assets.xcassets */,
				6C259265278B348100AC61BA /* Preview Content */,
			);
			path = PinchAndZoomSwiftUI3;
			sourceTree = "<group>";
		};
		6C259265278B348100AC61BA /* Preview Content */ = {
			isa = PBXGroup;
			children = (
				6C259266278B348100AC61BA /* Preview Assets.xcassets */,
			);
			path = "Preview Content";
			sourceTree = "<group>";
		};
		6C25926F278B348100AC61BA /* PinchAndZoomSwiftUI3Tests */ = {
			isa = PBXGroup;
			children = (
				6C259270278B348100AC61BA /* PinchAndZoomSwiftUI3Tests.swift */,
			);
			path = PinchAndZoomSwiftUI3Tests;
			sourceTree = "<group>";
		};
		6C259279278B348100AC61BA /* PinchAndZoomSwiftUI3UITests */ = {
			isa = PBXGroup;
			children = (
				6C25927A278B348100AC61BA /* PinchAndZoomSwiftUI3UITests.swift */,
				6C25927C278B348100AC61BA /* PinchAndZoomSwiftUI3UITestsLaunchTests.swift */,
			);
			path = PinchAndZoomSwiftUI3UITests;
			sourceTree = "<group>";
		};
/* End PBXGroup section */

/* Begin PBXNativeTarget section */
		6C25925B278B348000AC61BA /* PinchAndZoomSwiftUI3 */ = {
			isa = PBXNativeTarget;
			buildConfigurationList = 6C259280278B348100AC61BA /* Build configuration list for PBXNativeTarget "PinchAndZoomSwiftUI3" */;
			buildPhases = (
				6C259258278B348000AC61BA /* Sources */,
				6C259259278B348000AC61BA /* Frameworks */,
				6C25925A278B348000AC61BA /* Resources */,
			);
			buildRules = (
			);
			dependencies = (
			);
			name = PinchAndZoomSwiftUI3;
			productName = PinchAndZoomSwiftUI3;
			productReference = 6C25925C278B348000AC61BA /* PinchAndZoomSwiftUI3.app */;
			productType = "com.apple.product-type.application";
		};
		6C25926B278B348100AC61BA /* PinchAndZoomSwiftUI3Tests */ = {
			isa = PBXNativeTarget;
			buildConfigurationList = 6C259283278B348100AC61BA /* Build configuration list for PBXNativeTarget "PinchAndZoomSwiftUI3Tests" */;
			buildPhases = (
				6C259268278B348100AC61BA /* Sources */,
				6C259269278B348100AC61BA /* Frameworks */,
				6C25926A278B348100AC61BA /* Resources */,
			);
			buildRules = (
			);
			dependencies = (
				6C25926E278B348100AC61BA /* PBXTargetDependency */,
			);
			name = PinchAndZoomSwiftUI3Tests;
			productName = PinchAndZoomSwiftUI3Tests;
			productReference = 6C25926C278B348100AC61BA /* PinchAndZoomSwiftUI3Tests.xctest */;
			productType = "com.apple.product-type.bundle.unit-test";
		};
		6C259275278B348100AC61BA /* PinchAndZoomSwiftUI3UITests */ = {
			isa = PBXNativeTarget;
			buildConfigurationList = 6C259286278B348100AC61BA /* Build configuration list for PBXNativeTarget "PinchAndZoomSwiftUI3UITests" */;
			buildPhases = (
				6C259272278B348100AC61BA /* Sources */,
				6C259273278B348100AC61BA /* Frameworks */,
				6C259274278B348100AC61BA /* Resources */,
			);
			buildRules = (
			);
			dependencies = (
				6C259278278B348100AC61BA /* PBXTargetDependency */,
			);
			name = PinchAndZoomSwiftUI3UITests;
			productName = PinchAndZoomSwiftUI3UITests;
			productReference = 6C259276278B348100AC61BA /* PinchAndZoomSwiftUI3UITests.xctest */;
			productType = "com.apple.product-type.bundle.ui-testing";
		};
/* End PBXNativeTarget section */

/* Begin PBXProject section */
		6C259254278B348000AC61BA /* Project object */ = {
			isa = PBXProject;
			attributes = {
				BuildIndependentTargetsInParallel = 1;
				LastSwiftUpdateCheck = 1310;
				LastUpgradeCheck = 1310;
				TargetAttributes = {
					6C25925B278B348000AC61BA = {
						CreatedOnToolsVersion = 13.1;
					};
					6C25926B278B348100AC61BA = {
						CreatedOnToolsVersion = 13.1;
						TestTargetID = 6C25925B278B348000AC61BA;
					};
					6C259275278B348100AC61BA = {
						CreatedOnToolsVersion = 13.1;
						TestTargetID = 6C25925B278B348000AC61BA;
					};
				};
			};
			buildConfigurationList = 6C259257278B348000AC61BA /* Build configuration list for PBXProject "PinchAndZoomSwiftUI3" */;
			compatibilityVersion = "Xcode 13.0";
			developmentRegion = en;
			hasScannedForEncodings = 0;
			knownRegions = (
				en,
				Base,
			);
			mainGroup = 6C259253278B348000AC61BA;
			productRefGroup = 6C25925D278B348000AC61BA /* Products */;
			projectDirPath = "";
			projectRoot = "";
			targets = (
				6C25925B278B348000AC61BA /* PinchAndZoomSwiftUI3 */,
				6C25926B278B348100AC61BA /* PinchAndZoomSwiftUI3Tests */,
				6C259275278B348100AC61BA /* PinchAndZoomSwiftUI3UITests */,
			);
		};
/* End PBXProject section */

/* Begin PBXResourcesBuildPhase section */
		6C25925A278B348000AC61BA /* Resources */ = {
			isa = PBXResourcesBuildPhase;
			buildActionMask = 2147483647;
			files = (
				6C259267278B348100AC61BA /* Preview Assets.xcassets in Resources */,
				6C259264278B348100AC61BA /* Assets.xcassets in Resources */,
			);
			runOnlyForDeploymentPostprocessing = 0;
		};
		6C25926A278B348100AC61BA /* Resources */ = {
			isa = PBXResourcesBuildPhase;
			buildActionMask = 2147483647;
			files = (
			);
			runOnlyForDeploymentPostprocessing = 0;
		};
		6C259274278B348100AC61BA /* Resources */ = {
			isa = PBXResourcesBuildPhase;
			buildActionMask = 2147483647;
			files = (
			);
			runOnlyForDeploymentPostprocessing = 0;
		};
/* End PBXResourcesBuildPhase section */

/* Begin PBXSourcesBuildPhase section */
		6C259258278B348000AC61BA /* Sources */ = {
			isa = PBXSourcesBuildPhase;
			buildActionMask = 2147483647;
			files = (
				6C25928C278B3B6D00AC61BA /* ControlImageView.swift in Sources */,
				6C259262278B348000AC61BA /* ContentView.swift in Sources */,
				6C259260278B348000AC61BA /* PinchAndZoomSwiftUI3App.swift in Sources */,
				6C25928A278B37CA00AC61BA /* InfoPanelView.swift in Sources */,
				6C25928E278B3F3100AC61BA /* Page.swift in Sources */,
			);
			runOnlyForDeploymentPostprocessing = 0;
		};
		6C259268278B348100AC61BA /* Sources */ = {
			isa = PBXSourcesBuildPhase;
			buildActionMask = 2147483647;
			files = (
				6C259271278B348100AC61BA /* PinchAndZoomSwiftUI3Tests.swift in Sources */,
			);
			runOnlyForDeploymentPostprocessing = 0;
		};
		6C259272278B348100AC61BA /* Sources */ = {
			isa = PBXSourcesBuildPhase;
			buildActionMask = 2147483647;
			files = (
				6C25927D278B348100AC61BA /* PinchAndZoomSwiftUI3UITestsLaunchTests.swift in Sources */,
				6C25927B278B348100AC61BA /* PinchAndZoomSwiftUI3UITests.swift in Sources */,
			);
			runOnlyForDeploymentPostprocessing = 0;
		};
/* End PBXSourcesBuildPhase section */

/* Begin PBXTargetDependency section */
		6C25926E278B348100AC61BA /* PBXTargetDependency */ = {
			isa = PBXTargetDependency;
			target = 6C25925B278B348000AC61BA /* PinchAndZoomSwiftUI3 */;
			targetProxy = 6C25926D278B348100AC61BA /* PBXContainerItemProxy */;
		};
		6C259278278B348100AC61BA /* PBXTargetDependency */ = {
			isa = PBXTargetDependency;
			target = 6C25925B278B348000AC61BA /* PinchAndZoomSwiftUI3 */;
			targetProxy = 6C259277278B348100AC61BA /* PBXContainerItemProxy */;
		};
/* End PBXTargetDependency section */

/* Begin XCBuildConfiguration section */
		6C25927E278B348100AC61BA /* Debug */ = {
			isa = XCBuildConfiguration;
			buildSettings = {
				ALWAYS_SEARCH_USER_PATHS = NO;
				CLANG_ANALYZER_NONNULL = YES;
				CLANG_ANALYZER_NUMBER_OBJECT_CONVERSION = YES_AGGRESSIVE;
				CLANG_CXX_LANGUAGE_STANDARD = "gnu++17";
				CLANG_CXX_LIBRARY = "libc++";
				CLANG_ENABLE_MODULES = YES;
				CLANG_ENABLE_OBJC_ARC = YES;
				CLANG_ENABLE_OBJC_WEAK = YES;
				CLANG_WARN_BLOCK_CAPTURE_AUTORELEASING = YES;
				CLANG_WARN_BOOL_CONVERSION = YES;
				CLANG_WARN_COMMA = YES;
				CLANG_WARN_CONSTANT_CONVERSION = YES;
				CLANG_WARN_DEPRECATED_OBJC_IMPLEMENTATIONS = YES;
				CLANG_WARN_DIRECT_OBJC_ISA_USAGE = YES_ERROR;
				CLANG_WARN_DOCUMENTATION_COMMENTS = YES;
				CLANG_WARN_EMPTY_BODY = YES;
				CLANG_WARN_ENUM_CONVERSION = YES;
				CLANG_WARN_INFINITE_RECURSION = YES;
				CLANG_WARN_INT_CONVERSION = YES;
				CLANG_WARN_NON_LITERAL_NULL_CONVERSION = YES;
				CLANG_WARN_OBJC_IMPLICIT_RETAIN_SELF = YES;
				CLANG_WARN_OBJC_LITERAL_CONVERSION = YES;
				CLANG_WARN_OBJC_ROOT_CLASS = YES_ERROR;
				CLANG_WARN_QUOTED_INCLUDE_IN_FRAMEWORK_HEADER = YES;
				CLANG_WARN_RANGE_LOOP_ANALYSIS = YES;
				CLANG_WARN_STRICT_PROTOTYPES = YES;
				CLANG_WARN_SUSPICIOUS_MOVE = YES;
				CLANG_WARN_UNGUARDED_AVAILABILITY = YES_AGGRESSIVE;
				CLANG_WARN_UNREACHABLE_CODE = YES;
				CLANG_WARN__DUPLICATE_METHOD_MATCH = YES;
				COPY_PHASE_STRIP = NO;
				DEBUG_INFORMATION_FORMAT = dwarf;
				ENABLE_STRICT_OBJC_MSGSEND = YES;
				ENABLE_TESTABILITY = YES;
				GCC_C_LANGUAGE_STANDARD = gnu11;
				GCC_DYNAMIC_NO_PIC = NO;
				GCC_NO_COMMON_BLOCKS = YES;
				GCC_OPTIMIZATION_LEVEL = 0;
				GCC_PREPROCESSOR_DEFINITIONS = (
					"DEBUG=1",
					"$(inherited)",
				);
				GCC_WARN_64_TO_32_BIT_CONVERSION = YES;
				GCC_WARN_ABOUT_RETURN_TYPE = YES_ERROR;
				GCC_WARN_UNDECLARED_SELECTOR = YES;
				GCC_WARN_UNINITIALIZED_AUTOS = YES_AGGRESSIVE;
				GCC_WARN_UNUSED_FUNCTION = YES;
				GCC_WARN_UNUSED_VARIABLE = YES;
				IPHONEOS_DEPLOYMENT_TARGET = 15.0;
				MTL_ENABLE_DEBUG_INFO = INCLUDE_SOURCE;
				MTL_FAST_MATH = YES;
				ONLY_ACTIVE_ARCH = YES;
				SDKROOT = iphoneos;
				SWIFT_ACTIVE_COMPILATION_CONDITIONS = DEBUG;
				SWIFT_OPTIMIZATION_LEVEL = "-Onone";
			};
			name = Debug;
		};
		6C25927F278B348100AC61BA /* Release */ = {
			isa = XCBuildConfiguration;
			buildSettings = {
				ALWAYS_SEARCH_USER_PATHS = NO;
				CLANG_ANALYZER_NONNULL = YES;
				CLANG_ANALYZER_NUMBER_OBJECT_CONVERSION = YES_AGGRESSIVE;
				CLANG_CXX_LANGUAGE_STANDARD = "gnu++17";
				CLANG_CXX_LIBRARY = "libc++";
				CLANG_ENABLE_MODULES = YES;
				CLANG_ENABLE_OBJC_ARC = YES;
				CLANG_ENABLE_OBJC_WEAK = YES;
				CLANG_WARN_BLOCK_CAPTURE_AUTORELEASING = YES;
				CLANG_WARN_BOOL_CONVERSION = YES;
				CLANG_WARN_COMMA = YES;
				CLANG_WARN_CONSTANT_CONVERSION = YES;
				CLANG_WARN_DEPRECATED_OBJC_IMPLEMENTATIONS = YES;
				CLANG_WARN_DIRECT_OBJC_ISA_USAGE = YES_ERROR;
				CLANG_WARN_DOCUMENTATION_COMMENTS = YES;
				CLANG_WARN_EMPTY_BODY = YES;
				CLANG_WARN_ENUM_CONVERSION = YES;
				CLANG_WARN_INFINITE_RECURSION = YES;
				CLANG_WARN_INT_CONVERSION = YES;
				CLANG_WARN_NON_LITERAL_NULL_CONVERSION = YES;
				CLANG_WARN_OBJC_IMPLICIT_RETAIN_SELF = YES;
				CLANG_WARN_OBJC_LITERAL_CONVERSION = YES;
				CLANG_WARN_OBJC_ROOT_CLASS = YES_ERROR;
				CLANG_WARN_QUOTED_INCLUDE_IN_FRAMEWORK_HEADER = YES;
				CLANG_WARN_RANGE_LOOP_ANALYSIS = YES;
				CLANG_WARN_STRICT_PROTOTYPES = YES;
				CLANG_WARN_SUSPICIOUS_MOVE = YES;
				CLANG_WARN_UNGUARDED_AVAILABILITY = YES_AGGRESSIVE;
				CLANG_WARN_UNREACHABLE_CODE = YES;
				CLANG_WARN__DUPLICATE_METHOD_MATCH = YES;
				COPY_PHASE_STRIP = NO;
				DEBUG_INFORMATION_FORMAT = "dwarf-with-dsym";
				ENABLE_NS_ASSERTIONS = NO;
				ENABLE_STRICT_OBJC_MSGSEND = YES;
				GCC_C_LANGUAGE_STANDARD = gnu11;
				GCC_NO_COMMON_BLOCKS = YES;
				GCC_WARN_64_TO_32_BIT_CONVERSION = YES;
				GCC_WARN_ABOUT_RETURN_TYPE = YES_ERROR;
				GCC_WARN_UNDECLARED_SELECTOR = YES;
				GCC_WARN_UNINITIALIZED_AUTOS = YES_AGGRESSIVE;
				GCC_WARN_UNUSED_FUNCTION = YES;
				GCC_WARN_UNUSED_VARIABLE = YES;
				IPHONEOS_DEPLOYMENT_TARGET = 15.0;
				MTL_ENABLE_DEBUG_INFO = NO;
				MTL_FAST_MATH = YES;
				SDKROOT = iphoneos;
				SWIFT_COMPILATION_MODE = wholemodule;
				SWIFT_OPTIMIZATION_LEVEL = "-O";
				VALIDATE_PRODUCT = YES;
			};
			name = Release;
		};
		6C259281278B348100AC61BA /* Debug */ = {
			isa = XCBuildConfiguration;
			buildSettings = {
				ASSETCATALOG_COMPILER_APPICON_NAME = AppIcon;
				ASSETCATALOG_COMPILER_GLOBAL_ACCENT_COLOR_NAME = AccentColor;
				CODE_SIGN_STYLE = Automatic;
				CURRENT_PROJECT_VERSION = 1;
				DEVELOPMENT_ASSET_PATHS = "\"PinchAndZoomSwiftUI3/Preview Content\"";
				DEVELOPMENT_TEAM = 35W7TZ9DUM;
				ENABLE_PREVIEWS = YES;
				GENERATE_INFOPLIST_FILE = YES;
				INFOPLIST_KEY_UIApplicationSceneManifest_Generation = YES;
				INFOPLIST_KEY_UIApplicationSupportsIndirectInputEvents = YES;
				INFOPLIST_KEY_UILaunchScreen_Generation = YES;
				INFOPLIST_KEY_UISupportedInterfaceOrientations_iPad = "UIInterfaceOrientationPortrait UIInterfaceOrientationPortraitUpsideDown UIInterfaceOrientationLandscapeLeft UIInterfaceOrientationLandscapeRight";
				INFOPLIST_KEY_UISupportedInterfaceOrientations_iPhone = "UIInterfaceOrientationPortrait UIInterfaceOrientationLandscapeLeft UIInterfaceOrientationLandscapeRight";
				LD_RUNPATH_SEARCH_PATHS = (
					"$(inherited)",
					"@executable_path/Frameworks",
				);
				MARKETING_VERSION = 1.0;
				PRODUCT_BUNDLE_IDENTIFIER = com.paigesoftware.PinchAndZoomSwiftUI3;
				PRODUCT_NAME = "$(TARGET_NAME)";
				SWIFT_EMIT_LOC_STRINGS = YES;
				SWIFT_VERSION = 5.0;
				TARGETED_DEVICE_FAMILY = "1,2";
			};
			name = Debug;
		};
		6C259282278B348100AC61BA /* Release */ = {
			isa = XCBuildConfiguration;
			buildSettings = {
				ASSETCATALOG_COMPILER_APPICON_NAME = AppIcon;
				ASSETCATALOG_COMPILER_GLOBAL_ACCENT_COLOR_NAME = AccentColor;
				CODE_SIGN_STYLE = Automatic;
				CURRENT_PROJECT_VERSION = 1;
				DEVELOPMENT_ASSET_PATHS = "\"PinchAndZoomSwiftUI3/Preview Content\"";
				DEVELOPMENT_TEAM = 35W7TZ9DUM;
				ENABLE_PREVIEWS = YES;
				GENERATE_INFOPLIST_FILE = YES;
				INFOPLIST_KEY_UIApplicationSceneManifest_Generation = YES;
				INFOPLIST_KEY_UIApplicationSupportsIndirectInputEvents = YES;
				INFOPLIST_KEY_UILaunchScreen_Generation = YES;
				INFOPLIST_KEY_UISupportedInterfaceOrientations_iPad = "UIInterfaceOrientationPortrait UIInterfaceOrientationPortraitUpsideDown UIInterfaceOrientationLandscapeLeft UIInterfaceOrientationLandscapeRight";
				INFOPLIST_KEY_UISupportedInterfaceOrientations_iPhone = "UIInterfaceOrientationPortrait UIInterfaceOrientationLandscapeLeft UIInterfaceOrientationLandscapeRight";
				LD_RUNPATH_SEARCH_PATHS = (
					"$(inherited)",
					"@executable_path/Frameworks",
				);
				MARKETING_VERSION = 1.0;
				PRODUCT_BUNDLE_IDENTIFIER = com.paigesoftware.PinchAndZoomSwiftUI3;
				PRODUCT_NAME = "$(TARGET_NAME)";
				SWIFT_EMIT_LOC_STRINGS = YES;
				SWIFT_VERSION = 5.0;
				TARGETED_DEVICE_FAMILY = "1,2";
			};
			name = Release;
		};
		6C259284278B348100AC61BA /* Debug */ = {
			isa = XCBuildConfiguration;
			buildSettings = {
				ALWAYS_EMBED_SWIFT_STANDARD_LIBRARIES = YES;
				BUNDLE_LOADER = "$(TEST_HOST)";
				CODE_SIGN_STYLE = Automatic;
				CURRENT_PROJECT_VERSION = 1;
				DEVELOPMENT_TEAM = 35W7TZ9DUM;
				GENERATE_INFOPLIST_FILE = YES;
				IPHONEOS_DEPLOYMENT_TARGET = 15.0;
				LD_RUNPATH_SEARCH_PATHS = (
					"$(inherited)",
					"@executable_path/Frameworks",
					"@loader_path/Frameworks",
				);
				MARKETING_VERSION = 1.0;
				PRODUCT_BUNDLE_IDENTIFIER = com.paigesoftware.PinchAndZoomSwiftUI3Tests;
				PRODUCT_NAME = "$(TARGET_NAME)";
				SWIFT_EMIT_LOC_STRINGS = NO;
				SWIFT_VERSION = 5.0;
				TARGETED_DEVICE_FAMILY = "1,2";
				TEST_HOST = "$(BUILT_PRODUCTS_DIR)/PinchAndZoomSwiftUI3.app/PinchAndZoomSwiftUI3";
			};
			name = Debug;
		};
		6C259285278B348100AC61BA /* Release */ = {
			isa = XCBuildConfiguration;
			buildSettings = {
				ALWAYS_EMBED_SWIFT_STANDARD_LIBRARIES = YES;
				BUNDLE_LOADER = "$(TEST_HOST)";
				CODE_SIGN_STYLE = Automatic;
				CURRENT_PROJECT_VERSION = 1;
				DEVELOPMENT_TEAM = 35W7TZ9DUM;
				GENERATE_INFOPLIST_FILE = YES;
				IPHONEOS_DEPLOYMENT_TARGET = 15.0;
				LD_RUNPATH_SEARCH_PATHS = (
					"$(inherited)",
					"@executable_path/Frameworks",
					"@loader_path/Frameworks",
				);
				MARKETING_VERSION = 1.0;
				PRODUCT_BUNDLE_IDENTIFIER = com.paigesoftware.PinchAndZoomSwiftUI3Tests;
				PRODUCT_NAME = "$(TARGET_NAME)";
				SWIFT_EMIT_LOC_STRINGS = NO;
				SWIFT_VERSION = 5.0;
				TARGETED_DEVICE_FAMILY = "1,2";
				TEST_HOST = "$(BUILT_PRODUCTS_DIR)/PinchAndZoomSwiftUI3.app/PinchAndZoomSwiftUI3";
			};
			name = Release;
		};
		6C259287278B348100AC61BA /* Debug */ = {
			isa = XCBuildConfiguration;
			buildSettings = {
				ALWAYS_EMBED_SWIFT_STANDARD_LIBRARIES = YES;
				CODE_SIGN_STYLE = Automatic;
				CURRENT_PROJECT_VERSION = 1;
				DEVELOPMENT_TEAM = 35W7TZ9DUM;
				GENERATE_INFOPLIST_FILE = YES;
				LD_RUNPATH_SEARCH_PATHS = (
					"$(inherited)",
					"@executable_path/Frameworks",
					"@loader_path/Frameworks",
				);
				MARKETING_VERSION = 1.0;
				PRODUCT_BUNDLE_IDENTIFIER = com.paigesoftware.PinchAndZoomSwiftUI3UITests;
				PRODUCT_NAME = "$(TARGET_NAME)";
				SWIFT_EMIT_LOC_STRINGS = NO;
				SWIFT_VERSION = 5.0;
				TARGETED_DEVICE_FAMILY = "1,2";
				TEST_TARGET_NAME = PinchAndZoomSwiftUI3;
			};
			name = Debug;
		};
		6C259288278B348100AC61BA /* Release */ = {
			isa = XCBuildConfiguration;
			buildSettings = {
				ALWAYS_EMBED_SWIFT_STANDARD_LIBRARIES = YES;
				CODE_SIGN_STYLE = Automatic;
				CURRENT_PROJECT_VERSION = 1;
				DEVELOPMENT_TEAM = 35W7TZ9DUM;
				GENERATE_INFOPLIST_FILE = YES;
				LD_RUNPATH_SEARCH_PATHS = (
					"$(inherited)",
					"@executable_path/Frameworks",
					"@loader_path/Frameworks",
				);
				MARKETING_VERSION = 1.0;
				PRODUCT_BUNDLE_IDENTIFIER = com.paigesoftware.PinchAndZoomSwiftUI3UITests;
				PRODUCT_NAME = "$(TARGET_NAME)";
				SWIFT_EMIT_LOC_STRINGS = NO;
				SWIFT_VERSION = 5.0;
				TARGETED_DEVICE_FAMILY = "1,2";
				TEST_TARGET_NAME = PinchAndZoomSwiftUI3;
			};
			name = Release;
		};
/* End XCBuildConfiguration section */

/* Begin XCConfigurationList section */
		6C259257278B348000AC61BA /* Build configuration list for PBXProject "PinchAndZoomSwiftUI3" */ = {
			isa = XCConfigurationList;
			buildConfigurations = (
				6C25927E278B348100AC61BA /* Debug */,
				6C25927F278B348100AC61BA /* Release */,
			);
			defaultConfigurationIsVisible = 0;
			defaultConfigurationName = Release;
		};
		6C259280278B348100AC61BA /* Build configuration list for PBXNativeTarget "PinchAndZoomSwiftUI3" */ = {
			isa = XCConfigurationList;
			buildConfigurations = (
				6C259281278B348100AC61BA /* Debug */,
				6C259282278B348100AC61BA /* Release */,
			);
			defaultConfigurationIsVisible = 0;
			defaultConfigurationName = Release;
		};
		6C259283278B348100AC61BA /* Build configuration list for PBXNativeTarget "PinchAndZoomSwiftUI3Tests" */ = {
			isa = XCConfigurationList;
			buildConfigurations = (
				6C259284278B348100AC61BA /* Debug */,
				6C259285278B348100AC61BA /* Release */,
			);
			defaultConfigurationIsVisible = 0;
			defaultConfigurationName = Release;
		};
		6C259286278B348100AC61BA /* Build configuration list for PBXNativeTarget "PinchAndZoomSwiftUI3UITests" */ = {
			isa = XCConfigurationList;
			buildConfigurations = (
				6C259287278B348100AC61BA /* Debug */,
				6C259288278B348100AC61BA /* Release */,
			);
			defaultConfigurationIsVisible = 0;
			defaultConfigurationName = Release;
		};
/* End XCConfigurationList section */
	};
	rootObject = 6C259254278B348000AC61BA /* Project object */;
}
